
Microsoft Visual Studio Solution File, Format Version 12.00
# Visual Studio Version 16
VisualStudioVersion = 16.0.30717.126
MinimumVisualStudioVersion = 10.0.40219.1
Project("{FAE04EC0-301F-11D3-BF4B-00C04F79EFBC}") = "Mvc_Blazor", "Mvc_Blazor\Mvc_Blazor.csproj", "{53B46124-8554-4497-B6E5-78AD69339DE2}"
EndProject
Global
	GlobalSection(SolutionConfigurationPlatforms) = preSolution
		Debug|Any CPU = Debug|Any CPU
		Release|Any CPU = Release|Any CPU
	EndGlobalSection
	GlobalSection(ProjectConfigurationPlatforms) = postSolution
		{53B46124-8554-4497-B6E5-78AD69339DE2}.Debug|Any CPU.ActiveCfg = Debug|Any CPU
		{53B46124-8554-4497-B6E5-78AD69339DE2}.Debug|Any CPU.Build.0 = Debug|Any CPU
		{53B46124-8554-4497-B6E5-78AD69339DE2}.Release|Any CPU.ActiveCfg = Release|Any CPU
		{53B46124-8554-4497-B6E5-78AD69339DE2}.Release|Any CPU.Build.0 = Release|Any CPU
	EndGlobalSection
	GlobalSection(SolutionProperties) = preSolution
		HideSolutionNode = FALSE
	EndGlobalSection
	GlobalSection(ExtensibilityGlobals) = postSolution
		SolutionGuid = {256B9919-0E41-43B5-9699-5C3E3D0F35CE}
	EndGlobalSection
EndGlobal
